Microsoft Visual Studio Solution File, Format Version 12.00
# Visual Studio Version 17
VisualStudioVersion = 17.5.2.0
MinimumVisualStudioVersion = 10.0.40219.1
Project("{FAE04EC0-301F-11D3-BF4B-00C04F79EFBC}") = "jukeboxapi", "jukeboxapi\jukeboxapi.csproj", "{1FFB43A8-63C9-8FE9-1489-565EFB0084E0}"
EndProject
Global
	GlobalSection(SolutionConfigurationPlatforms) = preSolution
		Debug|Any CPU = Debug|Any CPU
		Release|Any CPU = Release|Any CPU
	EndGlobalSection
	GlobalSection(ProjectConfigurationPlatforms) = postSolution
		{1FFB43A8-63C9-8FE9-1489-565EFB0084E0}.Debug|Any CPU.ActiveCfg = Debug|Any CPU
		{1FFB43A8-63C9-8FE9-1489-565EFB0084E0}.Debug|Any CPU.Build.0 = Debug|Any CPU
		{1FFB43A8-63C9-8FE9-1489-565EFB0084E0}.Release|Any CPU.ActiveCfg = Release|Any CPU
		{1FFB43A8-63C9-8FE9-1489-565EFB0084E0}.Release|Any CPU.Build.0 = Release|Any CPU
	EndGlobalSection
	GlobalSection(SolutionProperties) = preSolution
		HideSolutionNode = FALSE
	EndGlobalSection
	GlobalSection(ExtensibilityGlobals) = postSolution
		SolutionGuid = {6624159A-9E41-4717-AC44-094CE8D97FED}
	EndGlobalSection
EndGlobal
